
Microsoft Visual Studio Solution File, Format Version 12.00
# Visual Studio Version 17
VisualStudioVersion = 17.12.35514.174 d17.12
MinimumVisualStudioVersion = 10.0.40219.1
Project("{D2ABAB84-BF74-430A-B69E-9DC6D40DDA17}") = "tytani", "tytani.dwproj", "{ABE324AF-0959-4E33-9EF1-2FE9EA89B89D}"
EndProject
Global
	GlobalSection(SolutionConfigurationPlatforms) = preSolution
		Development|Default = Development|Default
	EndGlobalSection
	GlobalSection(ProjectConfigurationPlatforms) = postSolution
		{ABE324AF-0959-4E33-9EF1-2FE9EA89B89D}.Development|Default.ActiveCfg = Development
		{ABE324AF-0959-4E33-9EF1-2FE9EA89B89D}.Development|Default.Build.0 = Development
		{ABE324AF-0959-4E33-9EF1-2FE9EA89B89D}.Development|Default.Deploy.0 = Development
	EndGlobalSection
	GlobalSection(SolutionProperties) = preSolution
		HideSolutionNode = FALSE
	EndGlobalSection
EndGlobal
